
Microsoft Visual Studio Solution File, Format Version 12.00
# Visual Studio 14
VisualStudioVersion = 14.0.23107.0
MinimumVisualStudioVersion = 10.0.40219.1
Project("{FAE04EC0-301F-11D3-BF4B-00C04F79EFBC}") = "NavajaSuiza", "NavajaSuiza\NavajaSuiza.csproj", "{39467577-9311-45E9-9CA8-C2BC854B3A1C}"
EndProject
Global
	GlobalSection(SolutionConfigurationPlatforms) = preSolution
		Debug|Any CPU = Debug|Any CPU
		Release|Any CPU = Release|Any CPU
	EndGlobalSection
	GlobalSection(ProjectConfigurationPlatforms) = postSolution
		{39467577-9311-45E9-9CA8-C2BC854B3A1C}.Debug|Any CPU.ActiveCfg = Debug|Any CPU
		{39467577-9311-45E9-9CA8-C2BC854B3A1C}.Debug|Any CPU.Build.0 = Debug|Any CPU
		{39467577-9311-45E9-9CA8-C2BC854B3A1C}.Release|Any CPU.ActiveCfg = Release|Any CPU
		{39467577-9311-45E9-9CA8-C2BC854B3A1C}.Release|Any CPU.Build.0 = Release|Any CPU
	EndGlobalSection
	GlobalSection(SolutionProperties) = preSolution
		HideSolutionNode = FALSE
	EndGlobalSection
EndGlobal
